// !$*UTF8*$!
{
	archiveVersion = 1;
	classes = {
	};
	objectVersion = 48;
	objects = {

/* Begin PBXBuildFile section */
		717819A0204A5E440066A655 /* AppDelegate.swift in Sources */ = {isa = PBXBuildFile; fileRef = 7178199F204A5E440066A655 /* AppDelegate.swift */; };
		717819A2204A5E440066A655 /* ViewController.swift in Sources */ = {isa = PBXBuildFile; fileRef = 717819A1204A5E440066A655 /* ViewController.swift */; };
		717819A5204A5E440066A655 /* Main.storyboard in Resources */ = {isa = PBXBuildFile; fileRef = 717819A3204A5E440066A655 /* Main.storyboard */; };
		717819A7204A5E440066A655 /* Assets.xcassets in Resources */ = {isa = PBXBuildFile; fileRef = 717819A6204A5E440066A655 /* Assets.xcassets */; };
		717819AA204A5E440066A655 /* LaunchScreen.storyboard in Resources */ = {isa = PBXBuildFile; fileRef = 717819A8204A5E440066A655 /* LaunchScreen.storyboard */; };
		717819B4204A88B80066A655 /* png100px in Resources */ = {isa = PBXBuildFile; fileRef = 717819B3204A88B80066A655 /* png100px */; };
		717819B9204A8C840066A655 /* DetailViewController.swift in Sources */ = {isa = PBXBuildFile; fileRef = 717819B8204A8C840066A655 /* DetailViewController.swift */; };
		717819BB204A8C960066A655 /* extention.swift in Sources */ = {isa = PBXBuildFile; fileRef = 717819BA204A8C960066A655 /* extention.swift */; };
		717819BD204A8CA70066A655 /* CustomTableViewCell.swift in Sources */ = {isa = PBXBuildFile; fileRef = 717819BC204A8CA70066A655 /* CustomTableViewCell.swift */; };
		717819BF204A8CB50066A655 /* Country.swift in Sources */ = {isa = PBXBuildFile; fileRef = 717819BE204A8CB50066A655 /* Country.swift */; };
		717819C1204A8CC60066A655 /* MapPin.swift in Sources */ = {isa = PBXBuildFile; fileRef = 717819C0204A8CC60066A655 /* MapPin.swift */; };
/* End PBXBuildFile section */

/* Begin PBXFileReference section */
		7178199C204A5E440066A655 /* ziming_ebay_project.app */ = {isa = PBXFileReference; explicitFileType = wrapper.application; includeInIndex = 0; path = ziming_ebay_project.app; sourceTree = BUILT_PRODUCTS_DIR; };
		7178199F204A5E440066A655 /* AppDelegate.swift */ = {isa = PBXFileReference; lastKnownFileType = sourcecode.swift; path = AppDelegate.swift; sourceTree = "<group>"; };
		717819A1204A5E440066A655 /* ViewController.swift */ = {isa = PBXFileReference; lastKnownFileType = sourcecode.swift; path = ViewController.swift; sourceTree = "<group>"; };
		717819A4204A5E440066A655 /* Base */ = {isa = PBXFileReference; lastKnownFileType = file.storyboard; name = Base; path = Base.lproj/Main.storyboard; sourceTree = "<group>"; };
		717819A6204A5E440066A655 /* Assets.xcassets */ = {isa = PBXFileReference; lastKnownFileType = folder.assetcatalog; path = Assets.xcassets; sourceTree = "<group>"; };
		717819A9204A5E440066A655 /* Base */ = {isa = PBXFileReference; lastKnownFileType = file.storyboard; name = Base; path = Base.lproj/LaunchScreen.storyboard; sourceTree = "<group>"; };
		717819AB204A5E440066A655 /* Info.plist */ = {isa = PBXFileReference; lastKnownFileType = text.plist.xml; path = Info.plist; sourceTree = "<group>"; };
		717819B3204A88B80066A655 /* png100px */ = {isa = PBXFileReference; lastKnownFileType = folder; path = png100px; sourceTree = "<group>"; };
		717819B8204A8C840066A655 /* DetailViewController.swift */ = {isa = PBXFileReference; lastKnownFileType = sourcecode.swift; path = DetailViewController.swift; sourceTree = "<group>"; };
		717819BA204A8C960066A655 /* extention.swift */ = {isa = PBXFileReference; lastKnownFileType = sourcecode.swift; path = extention.swift; sourceTree = "<group>"; };
		717819BC204A8CA70066A655 /* CustomTableViewCell.swift */ = {isa = PBXFileReference; lastKnownFileType = sourcecode.swift; path = CustomTableViewCell.swift; sourceTree = "<group>"; };
		717819BE204A8CB50066A655 /* Country.swift */ = {isa = PBXFileReference; lastKnownFileType = sourcecode.swift; path = Country.swift; sourceTree = "<group>"; };
		717819C0204A8CC60066A655 /* MapPin.swift */ = {isa = PBXFileReference; lastKnownFileType = sourcecode.swift; path = MapPin.swift; sourceTree = "<group>"; };
/* End PBXFileReference section */

/* Begin PBXFrameworksBuildPhase section */
		71781999204A5E440066A655 /* Frameworks */ = {
			isa = PBXFrameworksBuildPhase;
			buildActionMask = 2147483647;
			files = (
			);
			runOnlyForDeploymentPostprocessing = 0;
		};
/* End PBXFrameworksBuildPhase section */

/* Begin PBXGroup section */
		71781993204A5E440066A655 = {
			isa = PBXGroup;
			children = (
				7178199E204A5E440066A655 /* ziming_ebay_project */,
				7178199D204A5E440066A655 /* Products */,
			);
			sourceTree = "<group>";
		};
		7178199D204A5E440066A655 /* Products */ = {
			isa = PBXGroup;
			children = (
				7178199C204A5E440066A655 /* ziming_ebay_project.app */,
			);
			name = Products;
			sourceTree = "<group>";
		};
		7178199E204A5E440066A655 /* ziming_ebay_project */ = {
			isa = PBXGroup;
			children = (
				717819B3204A88B80066A655 /* png100px */,
				7178199F204A5E440066A655 /* AppDelegate.swift */,
				717819B7204A891C0066A655 /* Class */,
				717819B6204A89020066A655 /* ViewController */,
				717819A3204A5E440066A655 /* Main.storyboard */,
				717819BA204A8C960066A655 /* extention.swift */,
				717819A6204A5E440066A655 /* Assets.xcassets */,
				717819A8204A5E440066A655 /* LaunchScreen.storyboard */,
				717819AB204A5E440066A655 /* Info.plist */,
			);
			path = ziming_ebay_project;
			sourceTree = "<group>";
		};
		717819B6204A89020066A655 /* ViewController */ = {
			isa = PBXGroup;
			children = (
				717819A1204A5E440066A655 /* ViewController.swift */,
				717819B8204A8C840066A655 /* DetailViewController.swift */,
			);
			path = ViewController;
			sourceTree = "<group>";
		};
		717819B7204A891C0066A655 /* Class */ = {
			isa = PBXGroup;
			children = (
				717819BE204A8CB50066A655 /* Country.swift */,
				717819C0204A8CC60066A655 /* MapPin.swift */,
				717819BC204A8CA70066A655 /* CustomTableViewCell.swift */,
			);
			path = Class;
			sourceTree = "<group>";
		};
/* End PBXGroup section */

/* Begin PBXNativeTarget section */
		7178199B204A5E440066A655 /* ziming_ebay_project */ = {
			isa = PBXNativeTarget;
			buildConfigurationList = 717819AE204A5E440066A655 /* Build configuration list for PBXNativeTarget "ziming_ebay_project" */;
			buildPhases = (
				71781998204A5E440066A655 /* Sources */,
				71781999204A5E440066A655 /* Frameworks */,
				7178199A204A5E440066A655 /* Resources */,
			);
			buildRules = (
			);
			dependencies = (
			);
			name = ziming_ebay_project;
			productName = ziming_ebay_project;
			productReference = 7178199C204A5E440066A655 /* ziming_ebay_project.app */;
			productType = "com.apple.product-type.application";
		};
/* End PBXNativeTarget section */

/* Begin PBXProject section */
		71781994204A5E440066A655 /* Project object */ = {
			isa = PBXProject;
			attributes = {
				LastSwiftUpdateCheck = 0920;
				LastUpgradeCheck = 0920;
				ORGANIZATIONNAME = zimingg;
				TargetAttributes = {
					7178199B204A5E440066A655 = {
						CreatedOnToolsVersion = 9.2;
						ProvisioningStyle = Automatic;
					};
				};
			};
			buildConfigurationList = 71781997204A5E440066A655 /* Build configuration list for PBXProject "ziming_ebay_project" */;
			compatibilityVersion = "Xcode 8.0";
			developmentRegion = en;
			hasScannedForEncodings = 0;
			knownRegions = (
				en,
				Base,
			);
			mainGroup = 71781993204A5E440066A655;
			productRefGroup = 7178199D204A5E440066A655 /* Products */;
			projectDirPath = "";
			projectRoot = "";
			targets = (
				7178199B204A5E440066A655 /* ziming_ebay_project */,
			);
		};
/* End PBXProject section */

/* Begin PBXResourcesBuildPhase section */
		7178199A204A5E440066A655 /* Resources */ = {
			isa = PBXResourcesBuildPhase;
			buildActionMask = 2147483647;
			files = (
				717819AA204A5E440066A655 /* LaunchScreen.storyboard in Resources */,
				717819A7204A5E440066A655 /* Assets.xcassets in Resources */,
				717819B4204A88B80066A655 /* png100px in Resources */,
				717819A5204A5E440066A655 /* Main.storyboard in Resources */,
			);
			runOnlyForDeploymentPostprocessing = 0;
		};
/* End PBXResourcesBuildPhase section */

/* Begin PBXSourcesBuildPhase section */
		71781998204A5E440066A655 /* Sources */ = {
			isa = PBXSourcesBuildPhase;
			buildActionMask = 2147483647;
			files = (
				717819BB204A8C960066A655 /* extention.swift in Sources */,
				717819BD204A8CA70066A655 /* CustomTableViewCell.swift in Sources */,
				717819C1204A8CC60066A655 /* MapPin.swift in Sources */,
				717819B9204A8C840066A655 /* DetailViewController.swift in Sources */,
				717819A2204A5E440066A655 /* ViewController.swift in Sources */,
				717819BF204A8CB50066A655 /* Country.swift in Sources */,
				717819A0204A5E440066A655 /* AppDelegate.swift in Sources */,
			);
			runOnlyForDeploymentPostprocessing = 0;
		};
/* End PBXSourcesBuildPhase section */

/* Begin PBXVariantGroup section */
		717819A3204A5E440066A655 /* Main.storyboard */ = {
			isa = PBXVariantGroup;
			children = (
				717819A4204A5E440066A655 /* Base */,
			);
			name = Main.storyboard;
			sourceTree = "<group>";
		};
		717819A8204A5E440066A655 /* LaunchScreen.storyboard */ = {
			isa = PBXVariantGroup;
			children = (
				717819A9204A5E440066A655 /* Base */,
			);
			name = LaunchScreen.storyboard;
			sourceTree = "<group>";
		};
/* End PBXVariantGroup section */

/* Begin XCBuildConfiguration section */
		717819AC204A5E440066A655 /* Debug */ = {
			isa = XCBuildConfiguration;
			buildSettings = {
				ALWAYS_SEARCH_USER_PATHS = NO;
				CLANG_ANALYZER_NONNULL = YES;
				CLANG_ANALYZER_NUMBER_OBJECT_CONVERSION = YES_AGGRESSIVE;
				CLANG_CXX_LANGUAGE_STANDARD = "gnu++14";
				CLANG_CXX_LIBRARY = "libc++";
				CLANG_ENABLE_MODULES = YES;
				CLANG_ENABLE_OBJC_ARC = YES;
				CLANG_WARN_BLOCK_CAPTURE_AUTORELEASING = YES;
				CLANG_WARN_BOOL_CONVERSION = YES;
				CLANG_WARN_COMMA = YES;
				CLANG_WARN_CONSTANT_CONVERSION = YES;
				CLANG_WARN_DIRECT_OBJC_ISA_USAGE = YES_ERROR;
				CLANG_WARN_DOCUMENTATION_COMMENTS = YES;
				CLANG_WARN_EMPTY_BODY = YES;
				CLANG_WARN_ENUM_CONVERSION = YES;
				CLANG_WARN_INFINITE_RECURSION = YES;
				CLANG_WARN_INT_CONVERSION = YES;
				CLANG_WARN_NON_LITERAL_NULL_CONVERSION = YES;
				CLANG_WARN_OBJC_LITERAL_CONVERSION = YES;
				CLANG_WARN_OBJC_ROOT_CLASS = YES_ERROR;
				CLANG_WARN_RANGE_LOOP_ANALYSIS = YES;
				CLANG_WARN_STRICT_PROTOTYPES = YES;
				CLANG_WARN_SUSPICIOUS_MOVE = YES;
				CLANG_WARN_UNGUARDED_AVAILABILITY = YES_AGGRESSIVE;
				CLANG_WARN_UNREACHABLE_CODE = YES;
				CLANG_WARN__DUPLICATE_METHOD_MATCH = YES;
				CODE_SIGN_IDENTITY = "iPhone Developer";
				COPY_PHASE_STRIP = NO;
				DEBUG_INFORMATION_FORMAT = dwarf;
				ENABLE_STRICT_OBJC_MSGSEND = YES;
				ENABLE_TESTABILITY = YES;
				GCC_C_LANGUAGE_STANDARD = gnu11;
				GCC_DYNAMIC_NO_PIC = NO;
				GCC_NO_COMMON_BLOCKS = YES;
				GCC_OPTIMIZATION_LEVEL = 0;
				GCC_PREPROCESSOR_DEFINITIONS = (
					"DEBUG=1",
					"$(inherited)",
				);
				GCC_WARN_64_TO_32_BIT_CONVERSION = YES;
				GCC_WARN_ABOUT_RETURN_TYPE = YES_ERROR;
				GCC_WARN_UNDECLARED_SELECTOR = YES;
				GCC_WARN_UNINITIALIZED_AUTOS = YES_AGGRESSIVE;
				GCC_WARN_UNUSED_FUNCTION = YES;
				GCC_WARN_UNUSED_VARIABLE = YES;
				IPHONEOS_DEPLOYMENT_TARGET = 11.2;
				MTL_ENABLE_DEBUG_INFO = YES;
				ONLY_ACTIVE_ARCH = YES;
				SDKROOT = iphoneos;
				SWIFT_ACTIVE_COMPILATION_CONDITIONS = DEBUG;
				SWIFT_OPTIMIZATION_LEVEL = "-Onone";
			};
			name = Debug;
		};
		717819AD204A5E440066A655 /* Release */ = {
			isa = XCBuildConfiguration;
			buildSettings = {
				ALWAYS_SEARCH_USER_PATHS = NO;
				CLANG_ANALYZER_NONNULL = YES;
				CLANG_ANALYZER_NUMBER_OBJECT_CONVERSION = YES_AGGRESSIVE;
				CLANG_CXX_LANGUAGE_STANDARD = "gnu++14";
				CLANG_CXX_LIBRARY = "libc++";
				CLANG_ENABLE_MODULES = YES;
				CLANG_ENABLE_OBJC_ARC = YES;
				CLANG_WARN_BLOCK_CAPTURE_AUTORELEASING = YES;
				CLANG_WARN_BOOL_CONVERSION = YES;
				CLANG_WARN_COMMA = YES;
				CLANG_WARN_CONSTANT_CONVERSION = YES;
				CLANG_WARN_DIRECT_OBJC_ISA_USAGE = YES_ERROR;
				CLANG_WARN_DOCUMENTATION_COMMENTS = YES;
				CLANG_WARN_EMPTY_BODY = YES;
				CLANG_WARN_ENUM_CONVERSION = YES;
				CLANG_WARN_INFINITE_RECURSION = YES;
				CLANG_WARN_INT_CONVERSION = YES;
				CLANG_WARN_NON_LITERAL_NULL_CONVERSION = YES;
				CLANG_WARN_OBJC_LITERAL_CONVERSION = YES;
				CLANG_WARN_OBJC_ROOT_CLASS = YES_ERROR;
				CLANG_WARN_RANGE_LOOP_ANALYSIS = YES;
				CLANG_WARN_STRICT_PROTOTYPES = YES;
				CLANG_WARN_SUSPICIOUS_MOVE = YES;
				CLANG_WARN_UNGUARDED_AVAILABILITY = YES_AGGRESSIVE;
				CLANG_WARN_UNREACHABLE_CODE = YES;
				CLANG_WARN__DUPLICATE_METHOD_MATCH = YES;
				CODE_SIGN_IDENTITY = "iPhone Developer";
				COPY_PHASE_STRIP = NO;
				DEBUG_INFORMATION_FORMAT = "dwarf-with-dsym";
				ENABLE_NS_ASSERTIONS = NO;
				ENABLE_STRICT_OBJC_MSGSEND = YES;
				GCC_C_LANGUAGE_STANDARD = gnu11;
				GCC_NO_COMMON_BLOCKS = YES;
				GCC_WARN_64_TO_32_BIT_CONVERSION = YES;
				GCC_WARN_ABOUT_RETURN_TYPE = YES_ERROR;
				GCC_WARN_UNDECLARED_SELECTOR = YES;
				GCC_WARN_UNINITIALIZED_AUTOS = YES_AGGRESSIVE;
				GCC_WARN_UNUSED_FUNCTION = YES;
				GCC_WARN_UNUSED_VARIABLE = YES;
				IPHONEOS_DEPLOYMENT_TARGET = 11.2;
				MTL_ENABLE_DEBUG_INFO = NO;
				SDKROOT = iphoneos;
				SWIFT_OPTIMIZATION_LEVEL = "-Owholemodule";
				VALIDATE_PRODUCT = YES;
			};
			name = Release;
		};
		717819AF204A5E440066A655 /* Debug */ = {
			isa = XCBuildConfiguration;
			buildSettings = {
				ASSETCATALOG_COMPILER_APPICON_NAME = AppIcon;
				CODE_SIGN_STYLE = Automatic;
				DEVELOPMENT_TEAM = C3GY434736;
				INFOPLIST_FILE = ziming_ebay_project/Info.plist;
				LD_RUNPATH_SEARCH_PATHS = "$(inherited) @executable_path/Frameworks";
				PRODUCT_BUNDLE_IDENTIFIER = "com.NO-1.ziming-ebay-project";
				PRODUCT_NAME = "$(TARGET_NAME)";
				SWIFT_VERSION = 4.0;
				TARGETED_DEVICE_FAMILY = "1,2";
			};
			name = Debug;
		};
		717819B0204A5E440066A655 /* Release */ = {
			isa = XCBuildConfiguration;
			buildSettings = {
				ASSETCATALOG_COMPILER_APPICON_NAME = AppIcon;
				CODE_SIGN_STYLE = Automatic;
				DEVELOPMENT_TEAM = C3GY434736;
				INFOPLIST_FILE = ziming_ebay_project/Info.plist;
				LD_RUNPATH_SEARCH_PATHS = "$(inherited) @executable_path/Frameworks";
				PRODUCT_BUNDLE_IDENTIFIER = "com.NO-1.ziming-ebay-project";
				PRODUCT_NAME = "$(TARGET_NAME)";
				SWIFT_VERSION = 4.0;
				TARGETED_DEVICE_FAMILY = "1,2";
			};
			name = Release;
		};
/* End XCBuildConfiguration section */

/* Begin XCConfigurationList section */
		71781997204A5E440066A655 /* Build configuration list for PBXProject "ziming_ebay_project" */ = {
			isa = XCConfigurationList;
			buildConfigurations = (
				717819AC204A5E440066A655 /* Debug */,
				717819AD204A5E440066A655 /* Release */,
			);
			defaultConfigurationIsVisible = 0;
			defaultConfigurationName = Release;
		};
		717819AE204A5E440066A655 /* Build configuration list for PBXNativeTarget "ziming_ebay_project" */ = {
			isa = XCConfigurationList;
			buildConfigurations = (
				717819AF204A5E440066A655 /* Debug */,
				717819B0204A5E440066A655 /* Release */,
			);
			defaultConfigurationIsVisible = 0;
			defaultConfigurationName = Release;
		};
/* End XCConfigurationList section */
	};
	rootObject = 71781994204A5E440066A655 /* Project object */;
}
